
Microsoft Visual Studio Solution File, Format Version 12.00
# Visual Studio Version 17
VisualStudioVersion = 17.7.34031.279
MinimumVisualStudioVersion = 10.0.40219.1
Project("{FAE04EC0-301F-11D3-BF4B-00C04F79EFBC}") = "Entitty_Framework_Tasks2", "Entitty_Framework_Tasks2\Entitty_Framework_Tasks2.csproj", "{CA3967A0-A6BF-4A4C-A68E-06FD39C9BA09}"
EndProject
Project("{FAE04EC0-301F-11D3-BF4B-00C04F79EFBC}") = "Task2", "Task2\Task2.csproj", "{D13113EC-A84D-42D8-89BC-74AF33047098}"
EndProject
Project("{FAE04EC0-301F-11D3-BF4B-00C04F79EFBC}") = "Task3", "Task3\Task3.csproj", "{6DB9992E-BD22-4DF7-B106-0C441ED906B7}"
EndProject
Global
	GlobalSection(SolutionConfigurationPlatforms) = preSolution
		Debug|Any CPU = Debug|Any CPU
		Release|Any CPU = Release|Any CPU
	EndGlobalSection
	GlobalSection(ProjectConfigurationPlatforms) = postSolution
		{CA3967A0-A6BF-4A4C-A68E-06FD39C9BA09}.Debug|Any CPU.ActiveCfg = Debug|Any CPU
		{CA3967A0-A6BF-4A4C-A68E-06FD39C9BA09}.Debug|Any CPU.Build.0 = Debug|Any CPU
		{CA3967A0-A6BF-4A4C-A68E-06FD39C9BA09}.Release|Any CPU.ActiveCfg = Release|Any CPU
		{CA3967A0-A6BF-4A4C-A68E-06FD39C9BA09}.Release|Any CPU.Build.0 = Release|Any CPU
		{D13113EC-A84D-42D8-89BC-74AF33047098}.Debug|Any CPU.ActiveCfg = Debug|Any CPU
		{D13113EC-A84D-42D8-89BC-74AF33047098}.Debug|Any CPU.Build.0 = Debug|Any CPU
		{D13113EC-A84D-42D8-89BC-74AF33047098}.Release|Any CPU.ActiveCfg = Release|Any CPU
		{D13113EC-A84D-42D8-89BC-74AF33047098}.Release|Any CPU.Build.0 = Release|Any CPU
		{6DB9992E-BD22-4DF7-B106-0C441ED906B7}.Debug|Any CPU.ActiveCfg = Debug|Any CPU
		{6DB9992E-BD22-4DF7-B106-0C441ED906B7}.Debug|Any CPU.Build.0 = Debug|Any CPU
		{6DB9992E-BD22-4DF7-B106-0C441ED906B7}.Release|Any CPU.ActiveCfg = Release|Any CPU
		{6DB9992E-BD22-4DF7-B106-0C441ED906B7}.Release|Any CPU.Build.0 = Release|Any CPU
	EndGlobalSection
	GlobalSection(SolutionProperties) = preSolution
		HideSolutionNode = FALSE
	EndGlobalSection
	GlobalSection(ExtensibilityGlobals) = postSolution
		SolutionGuid = {73AF09DC-4024-473B-A53D-139E526C74AE}
	EndGlobalSection
EndGlobal
